// !$*UTF8*$!
{
	archiveVersion = 1;
	classes = {
	};
	objectVersion = 46;
	objects = {

/* Begin PBXBuildFile section */
		24BD9FA776B843539F539BE4 /* libPods.a in Frameworks */ = {isa = PBXBuildFile; fileRef = 2AFECBC773D54F1D800C86BD /* libPods.a */; };
		286DF8FF1704C2F500565F00 /* UIKit.framework in Frameworks */ = {isa = PBXBuildFile; fileRef = 286DF8FE1704C2F500565F00 /* UIKit.framework */; };
		286DF9011704C2F500565F00 /* Foundation.framework in Frameworks */ = {isa = PBXBuildFile; fileRef = 286DF9001704C2F500565F00 /* Foundation.framework */; };
		286DF9031704C2F500565F00 /* CoreGraphics.framework in Frameworks */ = {isa = PBXBuildFile; fileRef = 286DF9021704C2F500565F00 /* CoreGraphics.framework */; };
		286DF9051704C2F500565F00 /* CoreData.framework in Frameworks */ = {isa = PBXBuildFile; fileRef = 286DF9041704C2F500565F00 /* CoreData.framework */; };
		286DF9081704C2F500565F00 /* Podfile in Resources */ = {isa = PBXBuildFile; fileRef = 286DF9071704C2F500565F00 /* Podfile */; };
		286DF90E1704C2F500565F00 /* FSTestSDKAPIClient.m in Sources */ = {isa = PBXBuildFile; fileRef = 286DF90D1704C2F500565F00 /* FSTestSDKAPIClient.m */; };
		286DF9121704C2F500565F00 /* InfoPlist.strings in Resources */ = {isa = PBXBuildFile; fileRef = 286DF9101704C2F500565F00 /* InfoPlist.strings */; };
		286DF9141704C2F500565F00 /* main.m in Sources */ = {isa = PBXBuildFile; fileRef = 286DF9131704C2F500565F00 /* main.m */; };
		286DF9171704C2F500565F00 /* AppDelegate.m in Sources */ = {isa = PBXBuildFile; fileRef = 286DF9161704C2F500565F00 /* AppDelegate.m */; };
		286DF9191704C2F500565F00 /* Default.png in Resources */ = {isa = PBXBuildFile; fileRef = 286DF9181704C2F500565F00 /* Default.png */; };
		286DF91B1704C2F500565F00 /* Default@2x.png in Resources */ = {isa = PBXBuildFile; fileRef = 286DF91A1704C2F500565F00 /* Default@2x.png */; };
		286DF91D1704C2F500565F00 /* Default-568h@2x.png in Resources */ = {isa = PBXBuildFile; fileRef = 286DF91C1704C2F500565F00 /* Default-568h@2x.png */; };
		286DF9211704C2F500565F00 /* FSTestSDK.xcdatamodeld in Sources */ = {isa = PBXBuildFile; fileRef = 286DF91F1704C2F500565F00 /* FSTestSDK.xcdatamodeld */; };
		286DF9241704C2F500565F00 /* FSTestSDKIncrementalStore.m in Sources */ = {isa = PBXBuildFile; fileRef = 286DF9231704C2F500565F00 /* FSTestSDKIncrementalStore.m */; };
		286DF9421704C45400565F00 /* FSTestSDKAPI.m in Sources */ = {isa = PBXBuildFile; fileRef = 286DF9411704C45400565F00 /* FSTestSDKAPI.m */; };
/* End PBXBuildFile section */

/* Begin PBXFileReference section */
		286DF8FA1704C2F500565F00 /* FSTestSDK.app */ = {isa = PBXFileReference; explicitFileType = wrapper.application; includeInIndex = 0; path = FSTestSDK.app; sourceTree = BUILT_PRODUCTS_DIR; };
		286DF8FE1704C2F500565F00 /* UIKit.framework */ = {isa = PBXFileReference; lastKnownFileType = wrapper.framework; name = UIKit.framework; path = System/Library/Frameworks/UIKit.framework; sourceTree = SDKROOT; };
		286DF9001704C2F500565F00 /* Foundation.framework */ = {isa = PBXFileReference; lastKnownFileType = wrapper.framework; name = Foundation.framework; path = System/Library/Frameworks/Foundation.framework; sourceTree = SDKROOT; };
		286DF9021704C2F500565F00 /* CoreGraphics.framework */ = {isa = PBXFileReference; lastKnownFileType = wrapper.framework; name = CoreGraphics.framework; path = System/Library/Frameworks/CoreGraphics.framework; sourceTree = SDKROOT; };
		286DF9041704C2F500565F00 /* CoreData.framework */ = {isa = PBXFileReference; lastKnownFileType = wrapper.framework; name = CoreData.framework; path = System/Library/Frameworks/CoreData.framework; sourceTree = SDKROOT; };
		286DF9071704C2F500565F00 /* Podfile */ = {isa = PBXFileReference; lastKnownFileType = text; name = Podfile; path = ../Podfile; sourceTree = "<group>"; };
		286DF90A1704C2F500565F00 /* FSTestSDK-Prefix.pch */ = {isa = PBXFileReference; lastKnownFileType = sourcecode.c.h; path = "FSTestSDK-Prefix.pch"; sourceTree = "<group>"; };
		286DF90C1704C2F500565F00 /* FSTestSDKAPIClient.h */ = {isa = PBXFileReference; lastKnownFileType = sourcecode.c.h; name = FSTestSDKAPIClient.h; path = Classes/FSTestSDKAPIClient.h; sourceTree = "<group>"; };
		286DF90D1704C2F500565F00 /* FSTestSDKAPIClient.m */ = {isa = PBXFileReference; lastKnownFileType = sourcecode.c.objc; name = FSTestSDKAPIClient.m; path = Classes/FSTestSDKAPIClient.m; sourceTree = "<group>"; };
		286DF90F1704C2F500565F00 /* FSTestSDK-Info.plist */ = {isa = PBXFileReference; lastKnownFileType = text.plist.xml; path = "FSTestSDK-Info.plist"; sourceTree = "<group>"; };
		286DF9111704C2F500565F00 /* en */ = {isa = PBXFileReference; lastKnownFileType = text.plist.strings; name = en; path = en.lproj/InfoPlist.strings; sourceTree = "<group>"; };
		286DF9131704C2F500565F00 /* main.m */ = {isa = PBXFileReference; lastKnownFileType = sourcecode.c.objc; path = main.m; sourceTree = "<group>"; };
		286DF9151704C2F500565F00 /* AppDelegate.h */ = {isa = PBXFileReference; lastKnownFileType = sourcecode.c.h; path = AppDelegate.h; sourceTree = "<group>"; };
		286DF9161704C2F500565F00 /* AppDelegate.m */ = {isa = PBXFileReference; lastKnownFileType = sourcecode.c.objc; path = AppDelegate.m; sourceTree = "<group>"; };
		286DF9181704C2F500565F00 /* Default.png */ = {isa = PBXFileReference; lastKnownFileType = image.png; path = Default.png; sourceTree = "<group>"; };
		286DF91A1704C2F500565F00 /* Default@2x.png */ = {isa = PBXFileReference; lastKnownFileType = image.png; path = "Default@2x.png"; sourceTree = "<group>"; };
		286DF91C1704C2F500565F00 /* Default-568h@2x.png */ = {isa = PBXFileReference; lastKnownFileType = image.png; path = "Default-568h@2x.png"; sourceTree = "<group>"; };
		286DF9201704C2F500565F00 /* FSTestSDK.xcdatamodel */ = {isa = PBXFileReference; lastKnownFileType = wrapper.xcdatamodel; path = FSTestSDK.xcdatamodel; sourceTree = "<group>"; };
		286DF9221704C2F500565F00 /* FSTestSDKIncrementalStore.h */ = {isa = PBXFileReference; lastKnownFileType = sourcecode.c.h; name = FSTestSDKIncrementalStore.h; path = Classes/FSTestSDKIncrementalStore.h; sourceTree = "<group>"; };
		286DF9231704C2F500565F00 /* FSTestSDKIncrementalStore.m */ = {isa = PBXFileReference; lastKnownFileType = sourcecode.c.objc; name = FSTestSDKIncrementalStore.m; path = Classes/FSTestSDKIncrementalStore.m; sourceTree = "<group>"; };
		286DF9401704C45400565F00 /* FSTestSDKAPI.h */ = {isa = PBXFileReference; fileEncoding = 4; lastKnownFileType = sourcecode.c.h; path = FSTestSDKAPI.h; sourceTree = "<group>"; };
		286DF9411704C45400565F00 /* FSTestSDKAPI.m */ = {isa = PBXFileReference; fileEncoding = 4; lastKnownFileType = sourcecode.c.objc; path = FSTestSDKAPI.m; sourceTree = "<group>"; };
		2AFECBC773D54F1D800C86BD /* libPods.a */ = {isa = PBXFileReference; explicitFileType = archive.ar; includeInIndex = 0; path = libPods.a; sourceTree = BUILT_PRODUCTS_DIR; };
		79D67FF988684AC7979D8A08 /* Pods.xcconfig */ = {isa = PBXFileReference; includeInIndex = 1; lastKnownFileType = text.xcconfig; name = Pods.xcconfig; path = Pods/Pods.xcconfig; sourceTree = SOURCE_ROOT; };
/* End PBXFileReference section */

/* Begin PBXFrameworksBuildPhase section */
		286DF8F71704C2F500565F00 /* Frameworks */ = {
			isa = PBXFrameworksBuildPhase;
			buildActionMask = 2147483647;
			files = (
				286DF8FF1704C2F500565F00 /* UIKit.framework in Frameworks */,
				286DF9011704C2F500565F00 /* Foundation.framework in Frameworks */,
				286DF9031704C2F500565F00 /* CoreGraphics.framework in Frameworks */,
				286DF9051704C2F500565F00 /* CoreData.framework in Frameworks */,
				24BD9FA776B843539F539BE4 /* libPods.a in Frameworks */,
			);
			runOnlyForDeploymentPostprocessing = 0;
		};
/* End PBXFrameworksBuildPhase section */

/* Begin PBXGroup section */
		286DF8EF1704C2F500565F00 = {
			isa = PBXGroup;
			children = (
				286DF9061704C2F500565F00 /* FSTestSDK */,
				286DF8FD1704C2F500565F00 /* Frameworks */,
				286DF8FB1704C2F500565F00 /* Products */,
				79D67FF988684AC7979D8A08 /* Pods.xcconfig */,
			);
			sourceTree = "<group>";
		};
		286DF8FB1704C2F500565F00 /* Products */ = {
			isa = PBXGroup;
			children = (
				286DF8FA1704C2F500565F00 /* FSTestSDK.app */,
			);
			name = Products;
			sourceTree = "<group>";
		};
		286DF8FD1704C2F500565F00 /* Frameworks */ = {
			isa = PBXGroup;
			children = (
				286DF8FE1704C2F500565F00 /* UIKit.framework */,
				286DF9001704C2F500565F00 /* Foundation.framework */,
				286DF9021704C2F500565F00 /* CoreGraphics.framework */,
				286DF9041704C2F500565F00 /* CoreData.framework */,
				2AFECBC773D54F1D800C86BD /* libPods.a */,
			);
			name = Frameworks;
			sourceTree = "<group>";
		};
		286DF9061704C2F500565F00 /* FSTestSDK */ = {
			isa = PBXGroup;
			children = (
				286DF9071704C2F500565F00 /* Podfile */,
				286DF9151704C2F500565F00 /* AppDelegate.h */,
				286DF9161704C2F500565F00 /* AppDelegate.m */,
				286DF90B1704C2F500565F00 /* Networking */,
				286DF91E1704C2F500565F00 /* Models */,
				286DF9091704C2F500565F00 /* Supporting Files */,
			);
			path = FSTestSDK;
			sourceTree = "<group>";
		};
		286DF9091704C2F500565F00 /* Supporting Files */ = {
			isa = PBXGroup;
			children = (
				286DF90A1704C2F500565F00 /* FSTestSDK-Prefix.pch */,
				286DF90F1704C2F500565F00 /* FSTestSDK-Info.plist */,
				286DF9101704C2F500565F00 /* InfoPlist.strings */,
				286DF9131704C2F500565F00 /* main.m */,
				286DF9181704C2F500565F00 /* Default.png */,
				286DF91A1704C2F500565F00 /* Default@2x.png */,
				286DF91C1704C2F500565F00 /* Default-568h@2x.png */,
			);
			name = "Supporting Files";
			sourceTree = "<group>";
		};
		286DF90B1704C2F500565F00 /* Networking */ = {
			isa = PBXGroup;
			children = (
				286DF90C1704C2F500565F00 /* FSTestSDKAPIClient.h */,
				286DF90D1704C2F500565F00 /* FSTestSDKAPIClient.m */,
				286DF9221704C2F500565F00 /* FSTestSDKIncrementalStore.h */,
				286DF9231704C2F500565F00 /* FSTestSDKIncrementalStore.m */,
				286DF9401704C45400565F00 /* FSTestSDKAPI.h */,
				286DF9411704C45400565F00 /* FSTestSDKAPI.m */,
			);
			name = Networking;
			sourceTree = "<group>";
		};
		286DF91E1704C2F500565F00 /* Models */ = {
			isa = PBXGroup;
			children = (
				286DF91F1704C2F500565F00 /* FSTestSDK.xcdatamodeld */,
			);
			name = Models;
			sourceTree = "<group>";
		};
/* End PBXGroup section */

/* Begin PBXNativeTarget section */
		286DF8F91704C2F500565F00 /* FSTestSDK */ = {
			isa = PBXNativeTarget;
			buildConfigurationList = 286DF9271704C2F500565F00 /* Build configuration list for PBXNativeTarget "FSTestSDK" */;
			buildPhases = (
				286DF8F61704C2F500565F00 /* Sources */,
				286DF8F71704C2F500565F00 /* Frameworks */,
				286DF8F81704C2F500565F00 /* Resources */,
				EB78931CF0B9478BA5FB526F /* Copy Pods Resources */,
			);
			buildRules = (
			);
			dependencies = (
			);
			name = FSTestSDK;
			productName = FSTestSDK;
			productReference = 286DF8FA1704C2F500565F00 /* FSTestSDK.app */;
			productType = "com.apple.product-type.application";
		};
/* End PBXNativeTarget section */

/* Begin PBXProject section */
		286DF8F11704C2F500565F00 /* Project object */ = {
			isa = PBXProject;
			attributes = {
				LastUpgradeCheck = 0450;
				ORGANIZATIONNAME = MSG;
			};
			buildConfigurationList = 286DF8F41704C2F500565F00 /* Build configuration list for PBXProject "FSTestSDK" */;
			compatibilityVersion = "Xcode 3.2";
			developmentRegion = English;
			hasScannedForEncodings = 0;
			knownRegions = (
				en,
			);
			mainGroup = 286DF8EF1704C2F500565F00;
			productRefGroup = 286DF8FB1704C2F500565F00 /* Products */;
			projectDirPath = "";
			projectRoot = "";
			targets = (
				286DF8F91704C2F500565F00 /* FSTestSDK */,
			);
		};
/* End PBXProject section */

/* Begin PBXResourcesBuildPhase section */
		286DF8F81704C2F500565F00 /* Resources */ = {
			isa = PBXResourcesBuildPhase;
			buildActionMask = 2147483647;
			files = (
				286DF9081704C2F500565F00 /* Podfile in Resources */,
				286DF9121704C2F500565F00 /* InfoPlist.strings in Resources */,
				286DF9191704C2F500565F00 /* Default.png in Resources */,
				286DF91B1704C2F500565F00 /* Default@2x.png in Resources */,
				286DF91D1704C2F500565F00 /* Default-568h@2x.png in Resources */,
			);
			runOnlyForDeploymentPostprocessing = 0;
		};
/* End PBXResourcesBuildPhase section */

/* Begin PBXShellScriptBuildPhase section */
		EB78931CF0B9478BA5FB526F /* Copy Pods Resources */ = {
			isa = PBXShellScriptBuildPhase;
			buildActionMask = 2147483647;
			files = (
			);
			inputPaths = (
			);
			name = "Copy Pods Resources";
			outputPaths = (
			);
			runOnlyForDeploymentPostprocessing = 0;
			shellPath = /bin/sh;
			shellScript = "\"${SRCROOT}/Pods/Pods-resources.sh\"\n";
		};
/* End PBXShellScriptBuildPhase section */

/* Begin PBXSourcesBuildPhase section */
		286DF8F61704C2F500565F00 /* Sources */ = {
			isa = PBXSourcesBuildPhase;
			buildActionMask = 2147483647;
			files = (
				286DF90E1704C2F500565F00 /* FSTestSDKAPIClient.m in Sources */,
				286DF9141704C2F500565F00 /* main.m in Sources */,
				286DF9171704C2F500565F00 /* AppDelegate.m in Sources */,
				286DF9211704C2F500565F00 /* FSTestSDK.xcdatamodeld in Sources */,
				286DF9241704C2F500565F00 /* FSTestSDKIncrementalStore.m in Sources */,
				286DF9421704C45400565F00 /* FSTestSDKAPI.m in Sources */,
			);
			runOnlyForDeploymentPostprocessing = 0;
		};
/* End PBXSourcesBuildPhase section */

/* Begin PBXVariantGroup section */
		286DF9101704C2F500565F00 /* InfoPlist.strings */ = {
			isa = PBXVariantGroup;
			children = (
				286DF9111704C2F500565F00 /* en */,
			);
			name = InfoPlist.strings;
			sourceTree = "<group>";
		};
/* End PBXVariantGroup section */

/* Begin XCBuildConfiguration section */
		286DF9251704C2F500565F00 /* Debug */ = {
			isa = XCBuildConfiguration;
			buildSettings = {
				ALWAYS_SEARCH_USER_PATHS = NO;
				CLANG_CXX_LANGUAGE_STANDARD = "gnu++0x";
				CLANG_CXX_LIBRARY = "libc++";
				CLANG_ENABLE_OBJC_ARC = YES;
				CLANG_WARN_EMPTY_BODY = YES;
				CLANG_WARN__DUPLICATE_METHOD_MATCH = YES;
				"CODE_SIGN_IDENTITY[sdk=iphoneos*]" = "iPhone Developer";
				COPY_PHASE_STRIP = NO;
				GCC_C_LANGUAGE_STANDARD = gnu99;
				GCC_DYNAMIC_NO_PIC = NO;
				GCC_OPTIMIZATION_LEVEL = 0;
				GCC_PREPROCESSOR_DEFINITIONS = (
					"DEBUG=1",
					"$(inherited)",
				);
				GCC_SYMBOLS_PRIVATE_EXTERN = NO;
				GCC_WARN_ABOUT_RETURN_TYPE = YES;
				GCC_WARN_UNINITIALIZED_AUTOS = YES;
				GCC_WARN_UNUSED_VARIABLE = YES;
				IPHONEOS_DEPLOYMENT_TARGET = 5.0;
				ONLY_ACTIVE_ARCH = YES;
				SDKROOT = iphoneos;
			};
			name = Debug;
		};
		286DF9261704C2F500565F00 /* Release */ = {
			isa = XCBuildConfiguration;
			buildSettings = {
				ALWAYS_SEARCH_USER_PATHS = NO;
				CLANG_CXX_LANGUAGE_STANDARD = "gnu++0x";
				CLANG_CXX_LIBRARY = "libc++";
				CLANG_ENABLE_OBJC_ARC = YES;
				CLANG_WARN_EMPTY_BODY = YES;
				CLANG_WARN__DUPLICATE_METHOD_MATCH = YES;
				"CODE_SIGN_IDENTITY[sdk=iphoneos*]" = "iPhone Developer";
				COPY_PHASE_STRIP = YES;
				GCC_C_LANGUAGE_STANDARD = gnu99;
				GCC_WARN_ABOUT_RETURN_TYPE = YES;
				GCC_WARN_UNINITIALIZED_AUTOS = YES;
				GCC_WARN_UNUSED_VARIABLE = YES;
				IPHONEOS_DEPLOYMENT_TARGET = 5.0;
				OTHER_CFLAGS = "-DNS_BLOCK_ASSERTIONS=1";
				SDKROOT = iphoneos;
				VALIDATE_PRODUCT = YES;
			};
			name = Release;
		};
		286DF9281704C2F500565F00 /* Debug */ = {
			isa = XCBuildConfiguration;
			baseConfigurationReference = 79D67FF988684AC7979D8A08 /* Pods.xcconfig */;
			buildSettings = {
				GCC_PRECOMPILE_PREFIX_HEADER = YES;
				GCC_PREFIX_HEADER = "FSTestSDK/FSTestSDK-Prefix.pch";
				INFOPLIST_FILE = "FSTestSDK/FSTestSDK-Info.plist";
				PRODUCT_NAME = "$(TARGET_NAME)";
				WRAPPER_EXTENSION = app;
			};
			name = Debug;
		};
		286DF9291704C2F500565F00 /* Release */ = {
			isa = XCBuildConfiguration;
			baseConfigurationReference = 79D67FF988684AC7979D8A08 /* Pods.xcconfig */;
			buildSettings = {
				GCC_PRECOMPILE_PREFIX_HEADER = YES;
				GCC_PREFIX_HEADER = "FSTestSDK/FSTestSDK-Prefix.pch";
				INFOPLIST_FILE = "FSTestSDK/FSTestSDK-Info.plist";
				PRODUCT_NAME = "$(TARGET_NAME)";
				WRAPPER_EXTENSION = app;
			};
			name = Release;
		};
/* End XCBuildConfiguration section */

/* Begin XCConfigurationList section */
		286DF8F41704C2F500565F00 /* Build configuration list for PBXProject "FSTestSDK" */ = {
			isa = XCConfigurationList;
			buildConfigurations = (
				286DF9251704C2F500565F00 /* Debug */,
				286DF9261704C2F500565F00 /* Release */,
			);
			defaultConfigurationIsVisible = 0;
			defaultConfigurationName = Release;
		};
		286DF9271704C2F500565F00 /* Build configuration list for PBXNativeTarget "FSTestSDK" */ = {
			isa = XCConfigurationList;
			buildConfigurations = (
				286DF9281704C2F500565F00 /* Debug */,
				286DF9291704C2F500565F00 /* Release */,
			);
			defaultConfigurationIsVisible = 0;
			defaultConfigurationName = Release;
		};
/* End XCConfigurationList section */

/* Begin XCVersionGroup section */
		286DF91F1704C2F500565F00 /* FSTestSDK.xcdatamodeld */ = {
			isa = XCVersionGroup;
			children = (
				286DF9201704C2F500565F00 /* FSTestSDK.xcdatamodel */,
			);
			currentVersion = 286DF9201704C2F500565F00 /* FSTestSDK.xcdatamodel */;
			path = FSTestSDK.xcdatamodeld;
			sourceTree = "<group>";
			versionGroupType = wrapper.xcdatamodel;
		};
/* End XCVersionGroup section */
	};
	rootObject = 286DF8F11704C2F500565F00 /* Project object */;
}
